# THIS IS AN AUTOGENERATED FILE. DO NOT EDIT THIS FILE DIRECTLY.
# yarn lockfile v1


bs-platform@^1.7.1:
  version "1.10.3"
  resolved "https://registry.yarnpkg.com/bs-platform/-/bs-platform-1.10.3.tgz#da5aaba2e0507f5f85a5f662818b7f8734156f84"
  integrity sha1-2lqrouBQf1+FpfZigYt/hzQVb4Q=

bs-platform@^4.0.18:
  version "4.0.18"
  resolved "https://registry.yarnpkg.com/bs-platform/-/bs-platform-4.0.18.tgz#d17b8693ba1f714d9b27e0ddb365f2069ba4b8a0"
  integrity sha512-BwzW0iYHvREqUZIgQxJmdJrxexppLvJxYQ4LLexbhCp7uZU5DIZ5ub4ZHpkCkc8fn8bsXWc+Rrejb3csi+BoAQ==

immutable-re@0.0.15:
  version "0.0.15"
  resolved "https://registry.yarnpkg.com/immutable-re/-/immutable-re-0.0.15.tgz#56a99ad76479a5ffd3fccec13ec2b853d1ebce31"
  integrity sha1-Vqma12R5pf/T/M7BPsK4U9HrzjE=
  dependencies:
    bs-platform "^1.7.1"

tablecloth-bucklescript@^0.0.2:
  version "0.0.2"
  resolved "https://registry.yarnpkg.com/tablecloth-bucklescript/-/tablecloth-bucklescript-0.0.2.tgz#f86089cb57eca57b82a17d59ff8fa4586dfe8e69"
  integrity sha512-iK566kOp59iViWNY5jtRdSGt1Wumu5hoZKT3HkjI2MCLfXrIpOUuR1KQvH0bHUZMdhUNNhK9IGVLZ9C608r/qg==
